
Microsoft Visual Studio Solution File, Format Version 12.00
# Visual Studio Version 17
VisualStudioVersion = 17.5.33627.172
MinimumVisualStudioVersion = 10.0.40219.1
Project("{FAE04EC0-301F-11D3-BF4B-00C04F79EFBC}") = "WpfApp1", "WpfApp1\WpfApp1.csproj", "{C37094D7-5FD0-4ACD-894C-E89C8936BC25}"
EndProject
Global
	GlobalSection(SolutionConfigurationPlatforms) = preSolution
		Debug|Any CPU = Debug|Any CPU
		Release|Any CPU = Release|Any CPU
	EndGlobalSection
	GlobalSection(ProjectConfigurationPlatforms) = postSolution
		{C37094D7-5FD0-4ACD-894C-E89C8936BC25}.Debug|Any CPU.ActiveCfg = Debug|Any CPU
		{C37094D7-5FD0-4ACD-894C-E89C8936BC25}.Debug|Any CPU.Build.0 = Debug|Any CPU
		{C37094D7-5FD0-4ACD-894C-E89C8936BC25}.Release|Any CPU.ActiveCfg = Release|Any CPU
		{C37094D7-5FD0-4ACD-894C-E89C8936BC25}.Release|Any CPU.Build.0 = Release|Any CPU
	EndGlobalSection
	GlobalSection(SolutionProperties) = preSolution
		HideSolutionNode = FALSE
	EndGlobalSection
	GlobalSection(ExtensibilityGlobals) = postSolution
		SolutionGuid = {E9A0F37E-3196-4C0D-8EB1-948F08288768}
	EndGlobalSection
EndGlobal
